
Microsoft Visual Studio Solution File, Format Version 12.00
# Visual Studio 14
VisualStudioVersion = 14.0.25420.1
MinimumVisualStudioVersion = 10.0.40219.1
Project("{FAE04EC0-301F-11D3-BF4B-00C04F79EFBC}") = "Db", "Db\Db.csproj", "{E812E1CB-F158-4EE9-8D73-53442E8582E6}"
EndProject
Project("{FAE04EC0-301F-11D3-BF4B-00C04F79EFBC}") = "GUIStore", "GUIStore\GUIStore.csproj", "{01786759-3007-460F-A163-ADA99A2CDC1F}"
EndProject
Global
	GlobalSection(SolutionConfigurationPlatforms) = preSolution
		Debug|Any CPU = Debug|Any CPU
		Release|Any CPU = Release|Any CPU
	EndGlobalSection
	GlobalSection(ProjectConfigurationPlatforms) = postSolution
		{E812E1CB-F158-4EE9-8D73-53442E8582E6}.Debug|Any CPU.ActiveCfg = Debug|Any CPU
		{E812E1CB-F158-4EE9-8D73-53442E8582E6}.Debug|Any CPU.Build.0 = Debug|Any CPU
		{E812E1CB-F158-4EE9-8D73-53442E8582E6}.Release|Any CPU.ActiveCfg = Release|Any CPU
		{E812E1CB-F158-4EE9-8D73-53442E8582E6}.Release|Any CPU.Build.0 = Release|Any CPU
		{01786759-3007-460F-A163-ADA99A2CDC1F}.Debug|Any CPU.ActiveCfg = Debug|Any CPU
		{01786759-3007-460F-A163-ADA99A2CDC1F}.Debug|Any CPU.Build.0 = Debug|Any CPU
		{01786759-3007-460F-A163-ADA99A2CDC1F}.Release|Any CPU.ActiveCfg = Release|Any CPU
		{01786759-3007-460F-A163-ADA99A2CDC1F}.Release|Any CPU.Build.0 = Release|Any CPU
	EndGlobalSection
	GlobalSection(SolutionProperties) = preSolution
		HideSolutionNode = FALSE
	EndGlobalSection
EndGlobal
